
Microsoft Visual Studio Solution File, Format Version 12.00
# Visual Studio Version 16
VisualStudioVersion = 16.0.31911.196
MinimumVisualStudioVersion = 10.0.40219.1
Project("{FAE04EC0-301F-11D3-BF4B-00C04F79EFBC}") = "SE_GraphMap", "SE_GraphMap\SE_GraphMap.csproj", "{302F4BCC-9B8A-4D4D-9FCE-32A7206C81EA}"
EndProject
Global
	GlobalSection(SolutionConfigurationPlatforms) = preSolution
		Debug|Any CPU = Debug|Any CPU
		Release|Any CPU = Release|Any CPU
	EndGlobalSection
	GlobalSection(ProjectConfigurationPlatforms) = postSolution
		{302F4BCC-9B8A-4D4D-9FCE-32A7206C81EA}.Debug|Any CPU.ActiveCfg = Debug|Any CPU
		{302F4BCC-9B8A-4D4D-9FCE-32A7206C81EA}.Debug|Any CPU.Build.0 = Debug|Any CPU
		{302F4BCC-9B8A-4D4D-9FCE-32A7206C81EA}.Release|Any CPU.ActiveCfg = Release|Any CPU
		{302F4BCC-9B8A-4D4D-9FCE-32A7206C81EA}.Release|Any CPU.Build.0 = Release|Any CPU
	EndGlobalSection
	GlobalSection(SolutionProperties) = preSolution
		HideSolutionNode = FALSE
	EndGlobalSection
	GlobalSection(ExtensibilityGlobals) = postSolution
		SolutionGuid = {5A80664B-79CC-4828-9E0C-9DFC2EF02796}
	EndGlobalSection
EndGlobal
